// !$*UTF8*$!
{
	archiveVersion = 1;
	classes = {
	};
	objectVersion = 50;
	objects = {

/* Begin PBXBuildFile section */
		2D4A6865226D42CF0003EE5C /* AppDelegate.swift in Sources */ = {isa = PBXBuildFile; fileRef = 2D4A6864226D42CF0003EE5C /* AppDelegate.swift */; };
		2D4A6867226D42CF0003EE5C /* ViewController.swift in Sources */ = {isa = PBXBuildFile; fileRef = 2D4A6866226D42CF0003EE5C /* ViewController.swift */; };
		2D4A686A226D42CF0003EE5C /* Main.storyboard in Resources */ = {isa = PBXBuildFile; fileRef = 2D4A6868226D42CF0003EE5C /* Main.storyboard */; };
		2D4A686C226D42D00003EE5C /* Assets.xcassets in Resources */ = {isa = PBXBuildFile; fileRef = 2D4A686B226D42D00003EE5C /* Assets.xcassets */; };
		2D4A686F226D42D00003EE5C /* LaunchScreen.storyboard in Resources */ = {isa = PBXBuildFile; fileRef = 2D4A686D226D42D00003EE5C /* LaunchScreen.storyboard */; };
		2D4A687D226D561F0003EE5C /* bg2.jpg in Resources */ = {isa = PBXBuildFile; fileRef = 2D4A687A226D561F0003EE5C /* bg2.jpg */; };
		2D4A687E226D561F0003EE5C /* bg3.jpg in Resources */ = {isa = PBXBuildFile; fileRef = 2D4A687B226D561F0003EE5C /* bg3.jpg */; };
		2D4A687F226D561F0003EE5C /* bg1.jpg in Resources */ = {isa = PBXBuildFile; fileRef = 2D4A687C226D561F0003EE5C /* bg1.jpg */; };
		2D4A6881226D5C590003EE5C /* bg0.jpg in Resources */ = {isa = PBXBuildFile; fileRef = 2D4A6880226D5C590003EE5C /* bg0.jpg */; };
		2D4A6883226E03760003EE5C /* landscape.png in Resources */ = {isa = PBXBuildFile; fileRef = 2D4A6882226E03750003EE5C /* landscape.png */; };
		2D4A6885226E03C00003EE5C /* capture.png in Resources */ = {isa = PBXBuildFile; fileRef = 2D4A6884226E03C00003EE5C /* capture.png */; };
		8A79D86AB3D0EF15C470B851 /* Pods_Reflecto.framework in Frameworks */ = {isa = PBXBuildFile; fileRef = 159DBA041FFE90A2A4AE6275 /* Pods_Reflecto.framework */; };
/* End PBXBuildFile section */

/* Begin PBXFileReference section */
		159DBA041FFE90A2A4AE6275 /* Pods_Reflecto.framework */ = {isa = PBXFileReference; explicitFileType = wrapper.framework; includeInIndex = 0; path = Pods_Reflecto.framework; sourceTree = BUILT_PRODUCTS_DIR; };
		2D4A6861226D42CF0003EE5C /* Reflecto.app */ = {isa = PBXFileReference; explicitFileType = wrapper.application; includeInIndex = 0; path = Reflecto.app; sourceTree = BUILT_PRODUCTS_DIR; };
		2D4A6864226D42CF0003EE5C /* AppDelegate.swift */ = {isa = PBXFileReference; lastKnownFileType = sourcecode.swift; path = AppDelegate.swift; sourceTree = "<group>"; };
		2D4A6866226D42CF0003EE5C /* ViewController.swift */ = {isa = PBXFileReference; lastKnownFileType = sourcecode.swift; path = ViewController.swift; sourceTree = "<group>"; };
		2D4A6869226D42CF0003EE5C /* Base */ = {isa = PBXFileReference; lastKnownFileType = file.storyboard; name = Base; path = Base.lproj/Main.storyboard; sourceTree = "<group>"; };
		2D4A686B226D42D00003EE5C /* Assets.xcassets */ = {isa = PBXFileReference; lastKnownFileType = folder.assetcatalog; path = Assets.xcassets; sourceTree = "<group>"; };
		2D4A686E226D42D00003EE5C /* Base */ = {isa = PBXFileReference; lastKnownFileType = file.storyboard; name = Base; path = Base.lproj/LaunchScreen.storyboard; sourceTree = "<group>"; };
		2D4A6870226D42D00003EE5C /* Info.plist */ = {isa = PBXFileReference; lastKnownFileType = text.plist.xml; path = Info.plist; sourceTree = "<group>"; };
		2D4A687A226D561F0003EE5C /* bg2.jpg */ = {isa = PBXFileReference; lastKnownFileType = image.jpeg; path = bg2.jpg; sourceTree = "<group>"; };
		2D4A687B226D561F0003EE5C /* bg3.jpg */ = {isa = PBXFileReference; lastKnownFileType = image.jpeg; path = bg3.jpg; sourceTree = "<group>"; };
		2D4A687C226D561F0003EE5C /* bg1.jpg */ = {isa = PBXFileReference; lastKnownFileType = image.jpeg; path = bg1.jpg; sourceTree = "<group>"; };
		2D4A6880226D5C590003EE5C /* bg0.jpg */ = {isa = PBXFileReference; lastKnownFileType = image.jpeg; path = bg0.jpg; sourceTree = "<group>"; };
		2D4A6882226E03750003EE5C /* landscape.png */ = {isa = PBXFileReference; lastKnownFileType = image.png; path = landscape.png; sourceTree = "<group>"; };
		2D4A6884226E03C00003EE5C /* capture.png */ = {isa = PBXFileReference; lastKnownFileType = image.png; path = capture.png; sourceTree = "<group>"; };
		3E8DC398ED4F03B318DF43CB /* Pods-Reflecto.debug.xcconfig */ = {isa = PBXFileReference; includeInIndex = 1; lastKnownFileType = text.xcconfig; name = "Pods-Reflecto.debug.xcconfig"; path = "Target Support Files/Pods-Reflecto/Pods-Reflecto.debug.xcconfig"; sourceTree = "<group>"; };
		FAC32A8B005BD5234D4D8C63 /* Pods-Reflecto.release.xcconfig */ = {isa = PBXFileReference; includeInIndex = 1; lastKnownFileType = text.xcconfig; name = "Pods-Reflecto.release.xcconfig"; path = "Target Support Files/Pods-Reflecto/Pods-Reflecto.release.xcconfig"; sourceTree = "<group>"; };
/* End PBXFileReference section */

/* Begin PBXFrameworksBuildPhase section */
		2D4A685E226D42CF0003EE5C /* Frameworks */ = {
			isa = PBXFrameworksBuildPhase;
			buildActionMask = 2147483647;
			files = (
				8A79D86AB3D0EF15C470B851 /* Pods_Reflecto.framework in Frameworks */,
			);
			runOnlyForDeploymentPostprocessing = 0;
		};
/* End PBXFrameworksBuildPhase section */

/* Begin PBXGroup section */
		2D4A6858226D42CF0003EE5C = {
			isa = PBXGroup;
			children = (
				2D4A6863226D42CF0003EE5C /* Reflecto */,
				2D4A6862226D42CF0003EE5C /* Products */,
				FF981CE175F9B456F5A589A6 /* Pods */,
				3E089DD1897B08A8B5314DEE /* Frameworks */,
			);
			sourceTree = "<group>";
		};
		2D4A6862226D42CF0003EE5C /* Products */ = {
			isa = PBXGroup;
			children = (
				2D4A6861226D42CF0003EE5C /* Reflecto.app */,
			);
			name = Products;
			sourceTree = "<group>";
		};
		2D4A6863226D42CF0003EE5C /* Reflecto */ = {
			isa = PBXGroup;
			children = (
				2D4A6880226D5C590003EE5C /* bg0.jpg */,
				2D4A687C226D561F0003EE5C /* bg1.jpg */,
				2D4A687A226D561F0003EE5C /* bg2.jpg */,
				2D4A687B226D561F0003EE5C /* bg3.jpg */,
				2D4A6882226E03750003EE5C /* landscape.png */,
				2D4A6884226E03C00003EE5C /* capture.png */,
				2D4A6864226D42CF0003EE5C /* AppDelegate.swift */,
				2D4A6866226D42CF0003EE5C /* ViewController.swift */,
				2D4A6868226D42CF0003EE5C /* Main.storyboard */,
				2D4A686B226D42D00003EE5C /* Assets.xcassets */,
				2D4A686D226D42D00003EE5C /* LaunchScreen.storyboard */,
				2D4A6870226D42D00003EE5C /* Info.plist */,
			);
			path = Reflecto;
			sourceTree = "<group>";
		};
		3E089DD1897B08A8B5314DEE /* Frameworks */ = {
			isa = PBXGroup;
			children = (
				159DBA041FFE90A2A4AE6275 /* Pods_Reflecto.framework */,
			);
			name = Frameworks;
			sourceTree = "<group>";
		};
		FF981CE175F9B456F5A589A6 /* Pods */ = {
			isa = PBXGroup;
			children = (
				3E8DC398ED4F03B318DF43CB /* Pods-Reflecto.debug.xcconfig */,
				FAC32A8B005BD5234D4D8C63 /* Pods-Reflecto.release.xcconfig */,
			);
			path = Pods;
			sourceTree = "<group>";
		};
/* End PBXGroup section */

/* Begin PBXNativeTarget section */
		2D4A6860226D42CF0003EE5C /* Reflecto */ = {
			isa = PBXNativeTarget;
			buildConfigurationList = 2D4A6873226D42D00003EE5C /* Build configuration list for PBXNativeTarget "Reflecto" */;
			buildPhases = (
				8CBC66C15DBAD0B12BDE1FAD /* [CP] Check Pods Manifest.lock */,
				2D4A685D226D42CF0003EE5C /* Sources */,
				2D4A685E226D42CF0003EE5C /* Frameworks */,
				2D4A685F226D42CF0003EE5C /* Resources */,
				6287AE489A60E857BFF923E9 /* [CP] Embed Pods Frameworks */,
			);
			buildRules = (
			);
			dependencies = (
			);
			name = Reflecto;
			productName = Reflecto;
			productReference = 2D4A6861226D42CF0003EE5C /* Reflecto.app */;
			productType = "com.apple.product-type.application";
		};
/* End PBXNativeTarget section */

/* Begin PBXProject section */
		2D4A6859226D42CF0003EE5C /* Project object */ = {
			isa = PBXProject;
			attributes = {
				LastSwiftUpdateCheck = 1020;
				LastUpgradeCheck = 1020;
				ORGANIZATIONNAME = "Akiva Bamberger";
				TargetAttributes = {
					2D4A6860226D42CF0003EE5C = {
						CreatedOnToolsVersion = 10.2;
					};
				};
			};
			buildConfigurationList = 2D4A685C226D42CF0003EE5C /* Build configuration list for PBXProject "Reflecto" */;
			compatibilityVersion = "Xcode 9.3";
			developmentRegion = en;
			hasScannedForEncodings = 0;
			knownRegions = (
				en,
				Base,
			);
			mainGroup = 2D4A6858226D42CF0003EE5C;
			productRefGroup = 2D4A6862226D42CF0003EE5C /* Products */;
			projectDirPath = "";
			projectRoot = "";
			targets = (
				2D4A6860226D42CF0003EE5C /* Reflecto */,
			);
		};
/* End PBXProject section */

/* Begin PBXResourcesBuildPhase section */
		2D4A685F226D42CF0003EE5C /* Resources */ = {
			isa = PBXResourcesBuildPhase;
			buildActionMask = 2147483647;
			files = (
				2D4A686F226D42D00003EE5C /* LaunchScreen.storyboard in Resources */,
				2D4A686C226D42D00003EE5C /* Assets.xcassets in Resources */,
				2D4A687E226D561F0003EE5C /* bg3.jpg in Resources */,
				2D4A687D226D561F0003EE5C /* bg2.jpg in Resources */,
				2D4A6885226E03C00003EE5C /* capture.png in Resources */,
				2D4A687F226D561F0003EE5C /* bg1.jpg in Resources */,
				2D4A686A226D42CF0003EE5C /* Main.storyboard in Resources */,
				2D4A6881226D5C590003EE5C /* bg0.jpg in Resources */,
				2D4A6883226E03760003EE5C /* landscape.png in Resources */,
			);
			runOnlyForDeploymentPostprocessing = 0;
		};
/* End PBXResourcesBuildPhase section */

/* Begin PBXShellScriptBuildPhase section */
		6287AE489A60E857BFF923E9 /* [CP] Embed Pods Frameworks */ = {
			isa = PBXShellScriptBuildPhase;
			buildActionMask = 2147483647;
			files = (
			);
			inputFileListPaths = (
			);
			inputPaths = (
				"${PODS_ROOT}/Target Support Files/Pods-Reflecto/Pods-Reflecto-frameworks.sh",
				"${BUILT_PRODUCTS_DIR}/SnapKit/SnapKit.framework",
			);
			name = "[CP] Embed Pods Frameworks";
			outputFileListPaths = (
			);
			outputPaths = (
				"${TARGET_BUILD_DIR}/${FRAMEWORKS_FOLDER_PATH}/SnapKit.framework",
			);
			runOnlyForDeploymentPostprocessing = 0;
			shellPath = /bin/sh;
			shellScript = "\"${PODS_ROOT}/Target Support Files/Pods-Reflecto/Pods-Reflecto-frameworks.sh\"\n";
			showEnvVarsInLog = 0;
		};
		8CBC66C15DBAD0B12BDE1FAD /* [CP] Check Pods Manifest.lock */ = {
			isa = PBXShellScriptBuildPhase;
			buildActionMask = 2147483647;
			files = (
			);
			inputFileListPaths = (
			);
			inputPaths = (
				"${PODS_PODFILE_DIR_PATH}/Podfile.lock",
				"${PODS_ROOT}/Manifest.lock",
			);
			name = "[CP] Check Pods Manifest.lock";
			outputFileListPaths = (
			);
			outputPaths = (
				"$(DERIVED_FILE_DIR)/Pods-Reflecto-checkManifestLockResult.txt",
			);
			runOnlyForDeploymentPostprocessing = 0;
			shellPath = /bin/sh;
			shellScript = "diff \"${PODS_PODFILE_DIR_PATH}/Podfile.lock\" \"${PODS_ROOT}/Manifest.lock\" > /dev/null\nif [ $? != 0 ] ; then\n    # print error to STDERR\n    echo \"error: The sandbox is not in sync with the Podfile.lock. Run 'pod install' or update your CocoaPods installation.\" >&2\n    exit 1\nfi\n# This output is used by Xcode 'outputs' to avoid re-running this script phase.\necho \"SUCCESS\" > \"${SCRIPT_OUTPUT_FILE_0}\"\n";
			showEnvVarsInLog = 0;
		};
/* End PBXShellScriptBuildPhase section */

/* Begin PBXSourcesBuildPhase section */
		2D4A685D226D42CF0003EE5C /* Sources */ = {
			isa = PBXSourcesBuildPhase;
			buildActionMask = 2147483647;
			files = (
				2D4A6867226D42CF0003EE5C /* ViewController.swift in Sources */,
				2D4A6865226D42CF0003EE5C /* AppDelegate.swift in Sources */,
			);
			runOnlyForDeploymentPostprocessing = 0;
		};
/* End PBXSourcesBuildPhase section */

/* Begin PBXVariantGroup section */
		2D4A6868226D42CF0003EE5C /* Main.storyboard */ = {
			isa = PBXVariantGroup;
			children = (
				2D4A6869226D42CF0003EE5C /* Base */,
			);
			name = Main.storyboard;
			sourceTree = "<group>";
		};
		2D4A686D226D42D00003EE5C /* LaunchScreen.storyboard */ = {
			isa = PBXVariantGroup;
			children = (
				2D4A686E226D42D00003EE5C /* Base */,
			);
			name = LaunchScreen.storyboard;
			sourceTree = "<group>";
		};
/* End PBXVariantGroup section */

/* Begin XCBuildConfiguration section */
		2D4A6871226D42D00003EE5C /* Debug */ = {
			isa = XCBuildConfiguration;
			buildSettings = {
				ALWAYS_SEARCH_USER_PATHS = NO;
				CLANG_ANALYZER_NONNULL = YES;
				CLANG_ANALYZER_NUMBER_OBJECT_CONVERSION = YES_AGGRESSIVE;
				CLANG_CXX_LANGUAGE_STANDARD = "gnu++14";
				CLANG_CXX_LIBRARY = "libc++";
				CLANG_ENABLE_MODULES = YES;
				CLANG_ENABLE_OBJC_ARC = YES;
				CLANG_ENABLE_OBJC_WEAK = YES;
				CLANG_WARN_BLOCK_CAPTURE_AUTORELEASING = YES;
				CLANG_WARN_BOOL_CONVERSION = YES;
				CLANG_WARN_COMMA = YES;
				CLANG_WARN_CONSTANT_CONVERSION = YES;
				CLANG_WARN_DEPRECATED_OBJC_IMPLEMENTATIONS = YES;
				CLANG_WARN_DIRECT_OBJC_ISA_USAGE = YES_ERROR;
				CLANG_WARN_DOCUMENTATION_COMMENTS = YES;
				CLANG_WARN_EMPTY_BODY = YES;
				CLANG_WARN_ENUM_CONVERSION = YES;
				CLANG_WARN_INFINITE_RECURSION = YES;
				CLANG_WARN_INT_CONVERSION = YES;
				CLANG_WARN_NON_LITERAL_NULL_CONVERSION = YES;
				CLANG_WARN_OBJC_IMPLICIT_RETAIN_SELF = YES;
				CLANG_WARN_OBJC_LITERAL_CONVERSION = YES;
				CLANG_WARN_OBJC_ROOT_CLASS = YES_ERROR;
				CLANG_WARN_RANGE_LOOP_ANALYSIS = YES;
				CLANG_WARN_STRICT_PROTOTYPES = YES;
				CLANG_WARN_SUSPICIOUS_MOVE = YES;
				CLANG_WARN_UNGUARDED_AVAILABILITY = YES_AGGRESSIVE;
				CLANG_WARN_UNREACHABLE_CODE = YES;
				CLANG_WARN__DUPLICATE_METHOD_MATCH = YES;
				CODE_SIGN_IDENTITY = "iPhone Developer";
				COPY_PHASE_STRIP = NO;
				DEBUG_INFORMATION_FORMAT = dwarf;
				ENABLE_STRICT_OBJC_MSGSEND = YES;
				ENABLE_TESTABILITY = YES;
				GCC_C_LANGUAGE_STANDARD = gnu11;
				GCC_DYNAMIC_NO_PIC = NO;
				GCC_NO_COMMON_BLOCKS = YES;
				GCC_OPTIMIZATION_LEVEL = 0;
				GCC_PREPROCESSOR_DEFINITIONS = (
					"DEBUG=1",
					"$(inherited)",
				);
				GCC_WARN_64_TO_32_BIT_CONVERSION = YES;
				GCC_WARN_ABOUT_RETURN_TYPE = YES_ERROR;
				GCC_WARN_UNDECLARED_SELECTOR = YES;
				GCC_WARN_UNINITIALIZED_AUTOS = YES_AGGRESSIVE;
				GCC_WARN_UNUSED_FUNCTION = YES;
				GCC_WARN_UNUSED_VARIABLE = YES;
				IPHONEOS_DEPLOYMENT_TARGET = 12.2;
				MTL_ENABLE_DEBUG_INFO = INCLUDE_SOURCE;
				MTL_FAST_MATH = YES;
				ONLY_ACTIVE_ARCH = YES;
				SDKROOT = iphoneos;
				SWIFT_ACTIVE_COMPILATION_CONDITIONS = DEBUG;
				SWIFT_OPTIMIZATION_LEVEL = "-Onone";
			};
			name = Debug;
		};
		2D4A6872226D42D00003EE5C /* Release */ = {
			isa = XCBuildConfiguration;
			buildSettings = {
				ALWAYS_SEARCH_USER_PATHS = NO;
				CLANG_ANALYZER_NONNULL = YES;
				CLANG_ANALYZER_NUMBER_OBJECT_CONVERSION = YES_AGGRESSIVE;
				CLANG_CXX_LANGUAGE_STANDARD = "gnu++14";
				CLANG_CXX_LIBRARY = "libc++";
				CLANG_ENABLE_MODULES = YES;
				CLANG_ENABLE_OBJC_ARC = YES;
				CLANG_ENABLE_OBJC_WEAK = YES;
				CLANG_WARN_BLOCK_CAPTURE_AUTORELEASING = YES;
				CLANG_WARN_BOOL_CONVERSION = YES;
				CLANG_WARN_COMMA = YES;
				CLANG_WARN_CONSTANT_CONVERSION = YES;
				CLANG_WARN_DEPRECATED_OBJC_IMPLEMENTATIONS = YES;
				CLANG_WARN_DIRECT_OBJC_ISA_USAGE = YES_ERROR;
				CLANG_WARN_DOCUMENTATION_COMMENTS = YES;
				CLANG_WARN_EMPTY_BODY = YES;
				CLANG_WARN_ENUM_CONVERSION = YES;
				CLANG_WARN_INFINITE_RECURSION = YES;
				CLANG_WARN_INT_CONVERSION = YES;
				CLANG_WARN_NON_LITERAL_NULL_CONVERSION = YES;
				CLANG_WARN_OBJC_IMPLICIT_RETAIN_SELF = YES;
				CLANG_WARN_OBJC_LITERAL_CONVERSION = YES;
				CLANG_WARN_OBJC_ROOT_CLASS = YES_ERROR;
				CLANG_WARN_RANGE_LOOP_ANALYSIS = YES;
				CLANG_WARN_STRICT_PROTOTYPES = YES;
				CLANG_WARN_SUSPICIOUS_MOVE = YES;
				CLANG_WARN_UNGUARDED_AVAILABILITY = YES_AGGRESSIVE;
				CLANG_WARN_UNREACHABLE_CODE = YES;
				CLANG_WARN__DUPLICATE_METHOD_MATCH = YES;
				CODE_SIGN_IDENTITY = "iPhone Developer";
				COPY_PHASE_STRIP = NO;
				DEBUG_INFORMATION_FORMAT = "dwarf-with-dsym";
				ENABLE_NS_ASSERTIONS = NO;
				ENABLE_STRICT_OBJC_MSGSEND = YES;
				GCC_C_LANGUAGE_STANDARD = gnu11;
				GCC_NO_COMMON_BLOCKS = YES;
				GCC_WARN_64_TO_32_BIT_CONVERSION = YES;
				GCC_WARN_ABOUT_RETURN_TYPE = YES_ERROR;
				GCC_WARN_UNDECLARED_SELECTOR = YES;
				GCC_WARN_UNINITIALIZED_AUTOS = YES_AGGRESSIVE;
				GCC_WARN_UNUSED_FUNCTION = YES;
				GCC_WARN_UNUSED_VARIABLE = YES;
				IPHONEOS_DEPLOYMENT_TARGET = 12.2;
				MTL_ENABLE_DEBUG_INFO = NO;
				MTL_FAST_MATH = YES;
				SDKROOT = iphoneos;
				SWIFT_COMPILATION_MODE = wholemodule;
				SWIFT_OPTIMIZATION_LEVEL = "-O";
				VALIDATE_PRODUCT = YES;
			};
			name = Release;
		};
		2D4A6874226D42D00003EE5C /* Debug */ = {
			isa = XCBuildConfiguration;
			baseConfigurationReference = 3E8DC398ED4F03B318DF43CB /* Pods-Reflecto.debug.xcconfig */;
			buildSettings = {
				ASSETCATALOG_COMPILER_APPICON_NAME = AppIcon;
				CODE_SIGN_STYLE = Automatic;
				DEVELOPMENT_TEAM = ARE5M827RG;
				INFOPLIST_FILE = Reflecto/Info.plist;
				LD_RUNPATH_SEARCH_PATHS = (
					"$(inherited)",
					"@executable_path/Frameworks",
				);
				PRODUCT_BUNDLE_IDENTIFIER = TTYL.Inc.TTYL.Reflecto;
				PRODUCT_NAME = "$(TARGET_NAME)";
				SWIFT_VERSION = 5.0;
				TARGETED_DEVICE_FAMILY = "1,2";
			};
			name = Debug;
		};
		2D4A6875226D42D00003EE5C /* Release */ = {
			isa = XCBuildConfiguration;
			baseConfigurationReference = FAC32A8B005BD5234D4D8C63 /* Pods-Reflecto.release.xcconfig */;
			buildSettings = {
				ASSETCATALOG_COMPILER_APPICON_NAME = AppIcon;
				CODE_SIGN_STYLE = Automatic;
				DEVELOPMENT_TEAM = ARE5M827RG;
				INFOPLIST_FILE = Reflecto/Info.plist;
				LD_RUNPATH_SEARCH_PATHS = (
					"$(inherited)",
					"@executable_path/Frameworks",
				);
				PRODUCT_BUNDLE_IDENTIFIER = TTYL.Inc.TTYL.Reflecto;
				PRODUCT_NAME = "$(TARGET_NAME)";
				SWIFT_VERSION = 5.0;
				TARGETED_DEVICE_FAMILY = "1,2";
			};
			name = Release;
		};
/* End XCBuildConfiguration section */

/* Begin XCConfigurationList section */
		2D4A685C226D42CF0003EE5C /* Build configuration list for PBXProject "Reflecto" */ = {
			isa = XCConfigurationList;
			buildConfigurations = (
				2D4A6871226D42D00003EE5C /* Debug */,
				2D4A6872226D42D00003EE5C /* Release */,
			);
			defaultConfigurationIsVisible = 0;
			defaultConfigurationName = Release;
		};
		2D4A6873226D42D00003EE5C /* Build configuration list for PBXNativeTarget "Reflecto" */ = {
			isa = XCConfigurationList;
			buildConfigurations = (
				2D4A6874226D42D00003EE5C /* Debug */,
				2D4A6875226D42D00003EE5C /* Release */,
			);
			defaultConfigurationIsVisible = 0;
			defaultConfigurationName = Release;
		};
/* End XCConfigurationList section */
	};
	rootObject = 2D4A6859226D42CF0003EE5C /* Project object */;
}
